
Microsoft Visual Studio Solution File, Format Version 12.00
# Visual Studio 14
VisualStudioVersion = 14.0.25123.0
MinimumVisualStudioVersion = 10.0.40219.1
Project("{8BC9CEB8-8B4A-11D0-8D11-00A0C91BC942}") = "Revive", "Revive\Revive.vcxproj", "{BC34622B-5BFC-42D0-858A-331BECC048AE}"
EndProject
Project("{8BC9CEB8-8B4A-11D0-8D11-00A0C91BC942}") = "libMinHook", "minhook\build\VC15\libMinHook.vcxproj", "{F142A341-5EE0-442D-A15F-98AE9B48DBAE}"
EndProject
Project("{8BC9CEB8-8B4A-11D0-8D11-00A0C91BC942}") = "ReviveInjector", "ReviveInjector\ReviveInjector.vcxproj", "{589559C6-2B51-41F4-A896-5D9DB2537A7F}"
EndProject
Global
	GlobalSection(SolutionConfigurationPlatforms) = preSolution
		Debug|x64 = Debug|x64
		Debug|x86 = Debug|x86
		Release|x64 = Release|x64
		Release|x86 = Release|x86
	EndGlobalSection
	GlobalSection(ProjectConfigurationPlatforms) = postSolution
		{BC34622B-5BFC-42D0-858A-331BECC048AE}.Debug|x64.ActiveCfg = Debug|x64
		{BC34622B-5BFC-42D0-858A-331BECC048AE}.Debug|x64.Build.0 = Debug|x64
		{BC34622B-5BFC-42D0-858A-331BECC048AE}.Debug|x86.ActiveCfg = Debug|Win32
		{BC34622B-5BFC-42D0-858A-331BECC048AE}.Debug|x86.Build.0 = Debug|Win32
		{BC34622B-5BFC-42D0-858A-331BECC048AE}.Release|x64.ActiveCfg = Release|x64
		{BC34622B-5BFC-42D0-858A-331BECC048AE}.Release|x64.Build.0 = Release|x64
		{BC34622B-5BFC-42D0-858A-331BECC048AE}.Release|x86.ActiveCfg = Release|Win32
		{BC34622B-5BFC-42D0-858A-331BECC048AE}.Release|x86.Build.0 = Release|Win32
		{F142A341-5EE0-442D-A15F-98AE9B48DBAE}.Debug|x64.ActiveCfg = Debug|x64
		{F142A341-5EE0-442D-A15F-98AE9B48DBAE}.Debug|x64.Build.0 = Debug|x64
		{F142A341-5EE0-442D-A15F-98AE9B48DBAE}.Debug|x86.ActiveCfg = Debug|Win32
		{F142A341-5EE0-442D-A15F-98AE9B48DBAE}.Debug|x86.Build.0 = Debug|Win32
		{F142A341-5EE0-442D-A15F-98AE9B48DBAE}.Release|x64.ActiveCfg = Release|x64
		{F142A341-5EE0-442D-A15F-98AE9B48DBAE}.Release|x64.Build.0 = Release|x64
		{F142A341-5EE0-442D-A15F-98AE9B48DBAE}.Release|x86.ActiveCfg = Release|Win32
		{F142A341-5EE0-442D-A15F-98AE9B48DBAE}.Release|x86.Build.0 = Release|Win32
		{589559C6-2B51-41F4-A896-5D9DB2537A7F}.Debug|x64.ActiveCfg = Debug|x64
		{589559C6-2B51-41F4-A896-5D9DB2537A7F}.Debug|x64.Build.0 = Debug|x64
		{589559C6-2B51-41F4-A896-5D9DB2537A7F}.Debug|x86.ActiveCfg = Debug|Win32
		{589559C6-2B51-41F4-A896-5D9DB2537A7F}.Debug|x86.Build.0 = Debug|Win32
		{589559C6-2B51-41F4-A896-5D9DB2537A7F}.Release|x64.ActiveCfg = Release|x64
		{589559C6-2B51-41F4-A896-5D9DB2537A7F}.Release|x64.Build.0 = Release|x64
		{589559C6-2B51-41F4-A896-5D9DB2537A7F}.Release|x86.ActiveCfg = Release|Win32
		{589559C6-2B51-41F4-A896-5D9DB2537A7F}.Release|x86.Build.0 = Release|Win32
	EndGlobalSection
	GlobalSection(SolutionProperties) = preSolution
		HideSolutionNode = FALSE
	EndGlobalSection
EndGlobal
