
Microsoft Visual Studio Solution File, Format Version 12.00
# Visual Studio 14
VisualStudioVersion = 14.0.23107.0
MinimumVisualStudioVersion = 10.0.40219.1
Project("{8BC9CEB8-8B4A-11D0-8D11-00A0C91BC942}") = "Revive", "Revive.vcxproj", "{BC34622B-5BFC-42D0-858A-331BECC048AE}"
EndProject
Project("{8BC9CEB8-8B4A-11D0-8D11-00A0C91BC942}") = "LibOVRDump", "LibOVRDump\LibOVRDump.vcxproj", "{5F5C7B9E-1DD7-445B-A6D5-F1EED9BC2D03}"
EndProject
Project("{8BC9CEB8-8B4A-11D0-8D11-00A0C91BC942}") = "LibOVR", "LibOVR\Projects\Windows\VS2015\LibOVR.vcxproj", "{EA50E705-5113-49E5-B105-2512EDC8DDC6}"
EndProject
Project("{8BC9CEB8-8B4A-11D0-8D11-00A0C91BC942}") = "libMinHook", "minhook\build\VC15\libMinHook.vcxproj", "{F142A341-5EE0-442D-A15F-98AE9B48DBAE}"
EndProject
Project("{8BC9CEB8-8B4A-11D0-8D11-00A0C91BC942}") = "ReviveInjector", "ReviveInjector\ReviveInjector.vcxproj", "{589559C6-2B51-41F4-A896-5D9DB2537A7F}"
EndProject
Global
	GlobalSection(SolutionConfigurationPlatforms) = preSolution
		Debug(DLL)|x64 = Debug(DLL)|x64
		Debug(DLL)|x86 = Debug(DLL)|x86
		Debug(XP)|x64 = Debug(XP)|x64
		Debug(XP)|x86 = Debug(XP)|x86
		Debug|x64 = Debug|x64
		Debug|x86 = Debug|x86
		DebugSingleProcess|x64 = DebugSingleProcess|x64
		DebugSingleProcess|x86 = DebugSingleProcess|x86
		Release(DLL)|x64 = Release(DLL)|x64
		Release(DLL)|x86 = Release(DLL)|x86
		Release(XP)|x64 = Release(XP)|x64
		Release(XP)|x86 = Release(XP)|x86
		Release|x64 = Release|x64
		Release|x86 = Release|x86
		ReleaseSingleProcess|x64 = ReleaseSingleProcess|x64
		ReleaseSingleProcess|x86 = ReleaseSingleProcess|x86
	EndGlobalSection
	GlobalSection(ProjectConfigurationPlatforms) = postSolution
		{BC34622B-5BFC-42D0-858A-331BECC048AE}.Debug(DLL)|x64.ActiveCfg = Debug|x64
		{BC34622B-5BFC-42D0-858A-331BECC048AE}.Debug(DLL)|x64.Build.0 = Debug|x64
		{BC34622B-5BFC-42D0-858A-331BECC048AE}.Debug(DLL)|x86.ActiveCfg = Debug|Win32
		{BC34622B-5BFC-42D0-858A-331BECC048AE}.Debug(DLL)|x86.Build.0 = Debug|Win32
		{BC34622B-5BFC-42D0-858A-331BECC048AE}.Debug(XP)|x64.ActiveCfg = Debug|x64
		{BC34622B-5BFC-42D0-858A-331BECC048AE}.Debug(XP)|x64.Build.0 = Debug|x64
		{BC34622B-5BFC-42D0-858A-331BECC048AE}.Debug(XP)|x86.ActiveCfg = Debug|Win32
		{BC34622B-5BFC-42D0-858A-331BECC048AE}.Debug(XP)|x86.Build.0 = Debug|Win32
		{BC34622B-5BFC-42D0-858A-331BECC048AE}.Debug|x64.ActiveCfg = Debug|x64
		{BC34622B-5BFC-42D0-858A-331BECC048AE}.Debug|x64.Build.0 = Debug|x64
		{BC34622B-5BFC-42D0-858A-331BECC048AE}.Debug|x86.ActiveCfg = Debug|Win32
		{BC34622B-5BFC-42D0-858A-331BECC048AE}.Debug|x86.Build.0 = Debug|Win32
		{BC34622B-5BFC-42D0-858A-331BECC048AE}.DebugSingleProcess|x64.ActiveCfg = Debug|x64
		{BC34622B-5BFC-42D0-858A-331BECC048AE}.DebugSingleProcess|x64.Build.0 = Debug|x64
		{BC34622B-5BFC-42D0-858A-331BECC048AE}.DebugSingleProcess|x86.ActiveCfg = Debug|Win32
		{BC34622B-5BFC-42D0-858A-331BECC048AE}.DebugSingleProcess|x86.Build.0 = Debug|Win32
		{BC34622B-5BFC-42D0-858A-331BECC048AE}.Release(DLL)|x64.ActiveCfg = Release|x64
		{BC34622B-5BFC-42D0-858A-331BECC048AE}.Release(DLL)|x64.Build.0 = Release|x64
		{BC34622B-5BFC-42D0-858A-331BECC048AE}.Release(DLL)|x86.ActiveCfg = Release|Win32
		{BC34622B-5BFC-42D0-858A-331BECC048AE}.Release(DLL)|x86.Build.0 = Release|Win32
		{BC34622B-5BFC-42D0-858A-331BECC048AE}.Release(XP)|x64.ActiveCfg = Release|x64
		{BC34622B-5BFC-42D0-858A-331BECC048AE}.Release(XP)|x64.Build.0 = Release|x64
		{BC34622B-5BFC-42D0-858A-331BECC048AE}.Release(XP)|x86.ActiveCfg = Release|Win32
		{BC34622B-5BFC-42D0-858A-331BECC048AE}.Release(XP)|x86.Build.0 = Release|Win32
		{BC34622B-5BFC-42D0-858A-331BECC048AE}.Release|x64.ActiveCfg = Release|x64
		{BC34622B-5BFC-42D0-858A-331BECC048AE}.Release|x64.Build.0 = Release|x64
		{BC34622B-5BFC-42D0-858A-331BECC048AE}.Release|x86.ActiveCfg = Release|Win32
		{BC34622B-5BFC-42D0-858A-331BECC048AE}.Release|x86.Build.0 = Release|Win32
		{BC34622B-5BFC-42D0-858A-331BECC048AE}.ReleaseSingleProcess|x64.ActiveCfg = Release|x64
		{BC34622B-5BFC-42D0-858A-331BECC048AE}.ReleaseSingleProcess|x64.Build.0 = Release|x64
		{BC34622B-5BFC-42D0-858A-331BECC048AE}.ReleaseSingleProcess|x86.ActiveCfg = Release|Win32
		{BC34622B-5BFC-42D0-858A-331BECC048AE}.ReleaseSingleProcess|x86.Build.0 = Release|Win32
		{5F5C7B9E-1DD7-445B-A6D5-F1EED9BC2D03}.Debug(DLL)|x64.ActiveCfg = Debug|x64
		{5F5C7B9E-1DD7-445B-A6D5-F1EED9BC2D03}.Debug(DLL)|x64.Build.0 = Debug|x64
		{5F5C7B9E-1DD7-445B-A6D5-F1EED9BC2D03}.Debug(DLL)|x86.ActiveCfg = Debug|Win32
		{5F5C7B9E-1DD7-445B-A6D5-F1EED9BC2D03}.Debug(DLL)|x86.Build.0 = Debug|Win32
		{5F5C7B9E-1DD7-445B-A6D5-F1EED9BC2D03}.Debug(XP)|x64.ActiveCfg = Debug|x64
		{5F5C7B9E-1DD7-445B-A6D5-F1EED9BC2D03}.Debug(XP)|x64.Build.0 = Debug|x64
		{5F5C7B9E-1DD7-445B-A6D5-F1EED9BC2D03}.Debug(XP)|x86.ActiveCfg = Debug|Win32
		{5F5C7B9E-1DD7-445B-A6D5-F1EED9BC2D03}.Debug(XP)|x86.Build.0 = Debug|Win32
		{5F5C7B9E-1DD7-445B-A6D5-F1EED9BC2D03}.Debug|x64.ActiveCfg = Debug|x64
		{5F5C7B9E-1DD7-445B-A6D5-F1EED9BC2D03}.Debug|x64.Build.0 = Debug|x64
		{5F5C7B9E-1DD7-445B-A6D5-F1EED9BC2D03}.Debug|x86.ActiveCfg = Debug|Win32
		{5F5C7B9E-1DD7-445B-A6D5-F1EED9BC2D03}.Debug|x86.Build.0 = Debug|Win32
		{5F5C7B9E-1DD7-445B-A6D5-F1EED9BC2D03}.DebugSingleProcess|x64.ActiveCfg = Debug|x64
		{5F5C7B9E-1DD7-445B-A6D5-F1EED9BC2D03}.DebugSingleProcess|x64.Build.0 = Debug|x64
		{5F5C7B9E-1DD7-445B-A6D5-F1EED9BC2D03}.DebugSingleProcess|x86.ActiveCfg = Debug|Win32
		{5F5C7B9E-1DD7-445B-A6D5-F1EED9BC2D03}.DebugSingleProcess|x86.Build.0 = Debug|Win32
		{5F5C7B9E-1DD7-445B-A6D5-F1EED9BC2D03}.Release(DLL)|x64.ActiveCfg = Release|x64
		{5F5C7B9E-1DD7-445B-A6D5-F1EED9BC2D03}.Release(DLL)|x64.Build.0 = Release|x64
		{5F5C7B9E-1DD7-445B-A6D5-F1EED9BC2D03}.Release(DLL)|x86.ActiveCfg = Release|Win32
		{5F5C7B9E-1DD7-445B-A6D5-F1EED9BC2D03}.Release(DLL)|x86.Build.0 = Release|Win32
		{5F5C7B9E-1DD7-445B-A6D5-F1EED9BC2D03}.Release(XP)|x64.ActiveCfg = Release|x64
		{5F5C7B9E-1DD7-445B-A6D5-F1EED9BC2D03}.Release(XP)|x64.Build.0 = Release|x64
		{5F5C7B9E-1DD7-445B-A6D5-F1EED9BC2D03}.Release(XP)|x86.ActiveCfg = Release|Win32
		{5F5C7B9E-1DD7-445B-A6D5-F1EED9BC2D03}.Release(XP)|x86.Build.0 = Release|Win32
		{5F5C7B9E-1DD7-445B-A6D5-F1EED9BC2D03}.Release|x64.ActiveCfg = Release|x64
		{5F5C7B9E-1DD7-445B-A6D5-F1EED9BC2D03}.Release|x64.Build.0 = Release|x64
		{5F5C7B9E-1DD7-445B-A6D5-F1EED9BC2D03}.Release|x86.ActiveCfg = Release|Win32
		{5F5C7B9E-1DD7-445B-A6D5-F1EED9BC2D03}.Release|x86.Build.0 = Release|Win32
		{5F5C7B9E-1DD7-445B-A6D5-F1EED9BC2D03}.ReleaseSingleProcess|x64.ActiveCfg = Release|x64
		{5F5C7B9E-1DD7-445B-A6D5-F1EED9BC2D03}.ReleaseSingleProcess|x64.Build.0 = Release|x64
		{5F5C7B9E-1DD7-445B-A6D5-F1EED9BC2D03}.ReleaseSingleProcess|x86.ActiveCfg = Release|Win32
		{5F5C7B9E-1DD7-445B-A6D5-F1EED9BC2D03}.ReleaseSingleProcess|x86.Build.0 = Release|Win32
		{EA50E705-5113-49E5-B105-2512EDC8DDC6}.Debug(DLL)|x64.ActiveCfg = DebugSingleProcess|x64
		{EA50E705-5113-49E5-B105-2512EDC8DDC6}.Debug(DLL)|x64.Build.0 = DebugSingleProcess|x64
		{EA50E705-5113-49E5-B105-2512EDC8DDC6}.Debug(DLL)|x86.ActiveCfg = DebugSingleProcess|Win32
		{EA50E705-5113-49E5-B105-2512EDC8DDC6}.Debug(DLL)|x86.Build.0 = DebugSingleProcess|Win32
		{EA50E705-5113-49E5-B105-2512EDC8DDC6}.Debug(XP)|x64.ActiveCfg = DebugSingleProcess|x64
		{EA50E705-5113-49E5-B105-2512EDC8DDC6}.Debug(XP)|x64.Build.0 = DebugSingleProcess|x64
		{EA50E705-5113-49E5-B105-2512EDC8DDC6}.Debug(XP)|x86.ActiveCfg = DebugSingleProcess|Win32
		{EA50E705-5113-49E5-B105-2512EDC8DDC6}.Debug(XP)|x86.Build.0 = DebugSingleProcess|Win32
		{EA50E705-5113-49E5-B105-2512EDC8DDC6}.Debug|x64.ActiveCfg = Debug|x64
		{EA50E705-5113-49E5-B105-2512EDC8DDC6}.Debug|x64.Build.0 = Debug|x64
		{EA50E705-5113-49E5-B105-2512EDC8DDC6}.Debug|x86.ActiveCfg = Debug|Win32
		{EA50E705-5113-49E5-B105-2512EDC8DDC6}.Debug|x86.Build.0 = Debug|Win32
		{EA50E705-5113-49E5-B105-2512EDC8DDC6}.DebugSingleProcess|x64.ActiveCfg = DebugSingleProcess|x64
		{EA50E705-5113-49E5-B105-2512EDC8DDC6}.DebugSingleProcess|x64.Build.0 = DebugSingleProcess|x64
		{EA50E705-5113-49E5-B105-2512EDC8DDC6}.DebugSingleProcess|x86.ActiveCfg = DebugSingleProcess|Win32
		{EA50E705-5113-49E5-B105-2512EDC8DDC6}.DebugSingleProcess|x86.Build.0 = DebugSingleProcess|Win32
		{EA50E705-5113-49E5-B105-2512EDC8DDC6}.Release(DLL)|x64.ActiveCfg = ReleaseSingleProcess|x64
		{EA50E705-5113-49E5-B105-2512EDC8DDC6}.Release(DLL)|x64.Build.0 = ReleaseSingleProcess|x64
		{EA50E705-5113-49E5-B105-2512EDC8DDC6}.Release(DLL)|x86.ActiveCfg = ReleaseSingleProcess|Win32
		{EA50E705-5113-49E5-B105-2512EDC8DDC6}.Release(DLL)|x86.Build.0 = ReleaseSingleProcess|Win32
		{EA50E705-5113-49E5-B105-2512EDC8DDC6}.Release(XP)|x64.ActiveCfg = ReleaseSingleProcess|x64
		{EA50E705-5113-49E5-B105-2512EDC8DDC6}.Release(XP)|x64.Build.0 = ReleaseSingleProcess|x64
		{EA50E705-5113-49E5-B105-2512EDC8DDC6}.Release(XP)|x86.ActiveCfg = ReleaseSingleProcess|Win32
		{EA50E705-5113-49E5-B105-2512EDC8DDC6}.Release(XP)|x86.Build.0 = ReleaseSingleProcess|Win32
		{EA50E705-5113-49E5-B105-2512EDC8DDC6}.Release|x64.ActiveCfg = Release|x64
		{EA50E705-5113-49E5-B105-2512EDC8DDC6}.Release|x64.Build.0 = Release|x64
		{EA50E705-5113-49E5-B105-2512EDC8DDC6}.Release|x86.ActiveCfg = Release|Win32
		{EA50E705-5113-49E5-B105-2512EDC8DDC6}.Release|x86.Build.0 = Release|Win32
		{EA50E705-5113-49E5-B105-2512EDC8DDC6}.ReleaseSingleProcess|x64.ActiveCfg = ReleaseSingleProcess|x64
		{EA50E705-5113-49E5-B105-2512EDC8DDC6}.ReleaseSingleProcess|x64.Build.0 = ReleaseSingleProcess|x64
		{EA50E705-5113-49E5-B105-2512EDC8DDC6}.ReleaseSingleProcess|x86.ActiveCfg = ReleaseSingleProcess|Win32
		{EA50E705-5113-49E5-B105-2512EDC8DDC6}.ReleaseSingleProcess|x86.Build.0 = ReleaseSingleProcess|Win32
		{F142A341-5EE0-442D-A15F-98AE9B48DBAE}.Debug(DLL)|x64.ActiveCfg = Debug|x64
		{F142A341-5EE0-442D-A15F-98AE9B48DBAE}.Debug(DLL)|x64.Build.0 = Debug|x64
		{F142A341-5EE0-442D-A15F-98AE9B48DBAE}.Debug(DLL)|x86.ActiveCfg = Debug|Win32
		{F142A341-5EE0-442D-A15F-98AE9B48DBAE}.Debug(DLL)|x86.Build.0 = Debug|Win32
		{F142A341-5EE0-442D-A15F-98AE9B48DBAE}.Debug(XP)|x64.ActiveCfg = Debug|x64
		{F142A341-5EE0-442D-A15F-98AE9B48DBAE}.Debug(XP)|x64.Build.0 = Debug|x64
		{F142A341-5EE0-442D-A15F-98AE9B48DBAE}.Debug(XP)|x86.ActiveCfg = Debug|Win32
		{F142A341-5EE0-442D-A15F-98AE9B48DBAE}.Debug(XP)|x86.Build.0 = Debug|Win32
		{F142A341-5EE0-442D-A15F-98AE9B48DBAE}.Debug|x64.ActiveCfg = Debug|x64
		{F142A341-5EE0-442D-A15F-98AE9B48DBAE}.Debug|x64.Build.0 = Debug|x64
		{F142A341-5EE0-442D-A15F-98AE9B48DBAE}.Debug|x86.ActiveCfg = Debug|Win32
		{F142A341-5EE0-442D-A15F-98AE9B48DBAE}.Debug|x86.Build.0 = Debug|Win32
		{F142A341-5EE0-442D-A15F-98AE9B48DBAE}.DebugSingleProcess|x64.ActiveCfg = Debug|x64
		{F142A341-5EE0-442D-A15F-98AE9B48DBAE}.DebugSingleProcess|x64.Build.0 = Debug|x64
		{F142A341-5EE0-442D-A15F-98AE9B48DBAE}.DebugSingleProcess|x86.ActiveCfg = Debug|Win32
		{F142A341-5EE0-442D-A15F-98AE9B48DBAE}.DebugSingleProcess|x86.Build.0 = Debug|Win32
		{F142A341-5EE0-442D-A15F-98AE9B48DBAE}.Release(DLL)|x64.ActiveCfg = Release|x64
		{F142A341-5EE0-442D-A15F-98AE9B48DBAE}.Release(DLL)|x64.Build.0 = Release|x64
		{F142A341-5EE0-442D-A15F-98AE9B48DBAE}.Release(DLL)|x86.ActiveCfg = Release|Win32
		{F142A341-5EE0-442D-A15F-98AE9B48DBAE}.Release(DLL)|x86.Build.0 = Release|Win32
		{F142A341-5EE0-442D-A15F-98AE9B48DBAE}.Release(XP)|x64.ActiveCfg = Release|x64
		{F142A341-5EE0-442D-A15F-98AE9B48DBAE}.Release(XP)|x64.Build.0 = Release|x64
		{F142A341-5EE0-442D-A15F-98AE9B48DBAE}.Release(XP)|x86.ActiveCfg = Release|Win32
		{F142A341-5EE0-442D-A15F-98AE9B48DBAE}.Release(XP)|x86.Build.0 = Release|Win32
		{F142A341-5EE0-442D-A15F-98AE9B48DBAE}.Release|x64.ActiveCfg = Release|x64
		{F142A341-5EE0-442D-A15F-98AE9B48DBAE}.Release|x64.Build.0 = Release|x64
		{F142A341-5EE0-442D-A15F-98AE9B48DBAE}.Release|x86.ActiveCfg = Release|Win32
		{F142A341-5EE0-442D-A15F-98AE9B48DBAE}.Release|x86.Build.0 = Release|Win32
		{F142A341-5EE0-442D-A15F-98AE9B48DBAE}.ReleaseSingleProcess|x64.ActiveCfg = Release|x64
		{F142A341-5EE0-442D-A15F-98AE9B48DBAE}.ReleaseSingleProcess|x64.Build.0 = Release|x64
		{F142A341-5EE0-442D-A15F-98AE9B48DBAE}.ReleaseSingleProcess|x86.ActiveCfg = Release|Win32
		{F142A341-5EE0-442D-A15F-98AE9B48DBAE}.ReleaseSingleProcess|x86.Build.0 = Release|Win32
		{589559C6-2B51-41F4-A896-5D9DB2537A7F}.Debug(DLL)|x64.ActiveCfg = Debug|x64
		{589559C6-2B51-41F4-A896-5D9DB2537A7F}.Debug(DLL)|x64.Build.0 = Debug|x64
		{589559C6-2B51-41F4-A896-5D9DB2537A7F}.Debug(DLL)|x86.ActiveCfg = Debug|Win32
		{589559C6-2B51-41F4-A896-5D9DB2537A7F}.Debug(DLL)|x86.Build.0 = Debug|Win32
		{589559C6-2B51-41F4-A896-5D9DB2537A7F}.Debug(XP)|x64.ActiveCfg = Debug|x64
		{589559C6-2B51-41F4-A896-5D9DB2537A7F}.Debug(XP)|x64.Build.0 = Debug|x64
		{589559C6-2B51-41F4-A896-5D9DB2537A7F}.Debug(XP)|x86.ActiveCfg = Debug|Win32
		{589559C6-2B51-41F4-A896-5D9DB2537A7F}.Debug(XP)|x86.Build.0 = Debug|Win32
		{589559C6-2B51-41F4-A896-5D9DB2537A7F}.Debug|x64.ActiveCfg = Debug|x64
		{589559C6-2B51-41F4-A896-5D9DB2537A7F}.Debug|x64.Build.0 = Debug|x64
		{589559C6-2B51-41F4-A896-5D9DB2537A7F}.Debug|x86.ActiveCfg = Debug|Win32
		{589559C6-2B51-41F4-A896-5D9DB2537A7F}.Debug|x86.Build.0 = Debug|Win32
		{589559C6-2B51-41F4-A896-5D9DB2537A7F}.DebugSingleProcess|x64.ActiveCfg = Debug|x64
		{589559C6-2B51-41F4-A896-5D9DB2537A7F}.DebugSingleProcess|x64.Build.0 = Debug|x64
		{589559C6-2B51-41F4-A896-5D9DB2537A7F}.DebugSingleProcess|x86.ActiveCfg = Debug|Win32
		{589559C6-2B51-41F4-A896-5D9DB2537A7F}.DebugSingleProcess|x86.Build.0 = Debug|Win32
		{589559C6-2B51-41F4-A896-5D9DB2537A7F}.Release(DLL)|x64.ActiveCfg = Release|x64
		{589559C6-2B51-41F4-A896-5D9DB2537A7F}.Release(DLL)|x64.Build.0 = Release|x64
		{589559C6-2B51-41F4-A896-5D9DB2537A7F}.Release(DLL)|x86.ActiveCfg = Release|Win32
		{589559C6-2B51-41F4-A896-5D9DB2537A7F}.Release(DLL)|x86.Build.0 = Release|Win32
		{589559C6-2B51-41F4-A896-5D9DB2537A7F}.Release(XP)|x64.ActiveCfg = Release|x64
		{589559C6-2B51-41F4-A896-5D9DB2537A7F}.Release(XP)|x64.Build.0 = Release|x64
		{589559C6-2B51-41F4-A896-5D9DB2537A7F}.Release(XP)|x86.ActiveCfg = Release|Win32
		{589559C6-2B51-41F4-A896-5D9DB2537A7F}.Release(XP)|x86.Build.0 = Release|Win32
		{589559C6-2B51-41F4-A896-5D9DB2537A7F}.Release|x64.ActiveCfg = Release|x64
		{589559C6-2B51-41F4-A896-5D9DB2537A7F}.Release|x64.Build.0 = Release|x64
		{589559C6-2B51-41F4-A896-5D9DB2537A7F}.Release|x86.ActiveCfg = Release|Win32
		{589559C6-2B51-41F4-A896-5D9DB2537A7F}.Release|x86.Build.0 = Release|Win32
		{589559C6-2B51-41F4-A896-5D9DB2537A7F}.ReleaseSingleProcess|x64.ActiveCfg = Release|x64
		{589559C6-2B51-41F4-A896-5D9DB2537A7F}.ReleaseSingleProcess|x64.Build.0 = Release|x64
		{589559C6-2B51-41F4-A896-5D9DB2537A7F}.ReleaseSingleProcess|x86.ActiveCfg = Release|Win32
		{589559C6-2B51-41F4-A896-5D9DB2537A7F}.ReleaseSingleProcess|x86.Build.0 = Release|Win32
		{E557BB03-45F5-4240-8E04-4CCBE7BEF9BE}.Debug(DLL)|x64.ActiveCfg = Debug|x64
		{E557BB03-45F5-4240-8E04-4CCBE7BEF9BE}.Debug(DLL)|x64.Build.0 = Debug|x64
		{E557BB03-45F5-4240-8E04-4CCBE7BEF9BE}.Debug(DLL)|x86.ActiveCfg = Debug|Win32
		{E557BB03-45F5-4240-8E04-4CCBE7BEF9BE}.Debug(DLL)|x86.Build.0 = Debug|Win32
		{E557BB03-45F5-4240-8E04-4CCBE7BEF9BE}.Debug(XP)|x64.ActiveCfg = Debug|x64
		{E557BB03-45F5-4240-8E04-4CCBE7BEF9BE}.Debug(XP)|x64.Build.0 = Debug|x64
		{E557BB03-45F5-4240-8E04-4CCBE7BEF9BE}.Debug(XP)|x86.ActiveCfg = Debug|Win32
		{E557BB03-45F5-4240-8E04-4CCBE7BEF9BE}.Debug(XP)|x86.Build.0 = Debug|Win32
		{E557BB03-45F5-4240-8E04-4CCBE7BEF9BE}.Debug|x64.ActiveCfg = Debug|x64
		{E557BB03-45F5-4240-8E04-4CCBE7BEF9BE}.Debug|x64.Build.0 = Debug|x64
		{E557BB03-45F5-4240-8E04-4CCBE7BEF9BE}.Debug|x86.ActiveCfg = Debug|Win32
		{E557BB03-45F5-4240-8E04-4CCBE7BEF9BE}.Debug|x86.Build.0 = Debug|Win32
		{E557BB03-45F5-4240-8E04-4CCBE7BEF9BE}.DebugSingleProcess|x64.ActiveCfg = Debug|x64
		{E557BB03-45F5-4240-8E04-4CCBE7BEF9BE}.DebugSingleProcess|x64.Build.0 = Debug|x64
		{E557BB03-45F5-4240-8E04-4CCBE7BEF9BE}.DebugSingleProcess|x86.ActiveCfg = Debug|Win32
		{E557BB03-45F5-4240-8E04-4CCBE7BEF9BE}.DebugSingleProcess|x86.Build.0 = Debug|Win32
		{E557BB03-45F5-4240-8E04-4CCBE7BEF9BE}.Release(DLL)|x64.ActiveCfg = Release|x64
		{E557BB03-45F5-4240-8E04-4CCBE7BEF9BE}.Release(DLL)|x64.Build.0 = Release|x64
		{E557BB03-45F5-4240-8E04-4CCBE7BEF9BE}.Release(DLL)|x86.ActiveCfg = Release|Win32
		{E557BB03-45F5-4240-8E04-4CCBE7BEF9BE}.Release(DLL)|x86.Build.0 = Release|Win32
		{E557BB03-45F5-4240-8E04-4CCBE7BEF9BE}.Release(XP)|x64.ActiveCfg = Release|x64
		{E557BB03-45F5-4240-8E04-4CCBE7BEF9BE}.Release(XP)|x64.Build.0 = Release|x64
		{E557BB03-45F5-4240-8E04-4CCBE7BEF9BE}.Release(XP)|x86.ActiveCfg = Release|Win32
		{E557BB03-45F5-4240-8E04-4CCBE7BEF9BE}.Release(XP)|x86.Build.0 = Release|Win32
		{E557BB03-45F5-4240-8E04-4CCBE7BEF9BE}.Release|x64.ActiveCfg = Release|x64
		{E557BB03-45F5-4240-8E04-4CCBE7BEF9BE}.Release|x64.Build.0 = Release|x64
		{E557BB03-45F5-4240-8E04-4CCBE7BEF9BE}.Release|x86.ActiveCfg = Release|Win32
		{E557BB03-45F5-4240-8E04-4CCBE7BEF9BE}.Release|x86.Build.0 = Release|Win32
		{E557BB03-45F5-4240-8E04-4CCBE7BEF9BE}.ReleaseSingleProcess|x64.ActiveCfg = Release|x64
		{E557BB03-45F5-4240-8E04-4CCBE7BEF9BE}.ReleaseSingleProcess|x64.Build.0 = Release|x64
		{E557BB03-45F5-4240-8E04-4CCBE7BEF9BE}.ReleaseSingleProcess|x86.ActiveCfg = Release|Win32
		{E557BB03-45F5-4240-8E04-4CCBE7BEF9BE}.ReleaseSingleProcess|x86.Build.0 = Release|Win32
	EndGlobalSection
	GlobalSection(SolutionProperties) = preSolution
		HideSolutionNode = FALSE
	EndGlobalSection
EndGlobal
