<?xml version="1.0" encoding="utf-8"?>
<Project ToolsVersion="4.0" xmlns="http://schemas.microsoft.com/developer/msbuild/2003">
  <ItemGroup>
    <Filter Include="Source Files">
      <UniqueIdentifier>{4FC737F1-C7A5-4376-A066-2A32D752A2FF}</UniqueIdentifier>
      <Extensions>cpp;c;cc;cxx;def;odl;idl;hpj;bat;asm;asmx</Extensions>
    </Filter>
    <Filter Include="Header Files">
      <UniqueIdentifier>{93995380-89BD-4b04-88EB-625FBE52EBFB}</UniqueIdentifier>
      <Extensions>h;hh;hpp;hxx;hm;inl;inc;xsd</Extensions>
    </Filter>
    <Filter Include="Resource Files">
      <UniqueIdentifier>{67DA6AB6-F800-4c08-8B7A-83BB121AAD01}</UniqueIdentifier>
      <Extensions>rc;ico;cur;bmp;dlg;rc2;rct;bin;rgs;gif;jpg;jpeg;jpe;resx;tiff;tif;png;wav;mfcribbon-ms</Extensions>
    </Filter>
    <Filter Include="Source Files\LibRevive">
      <UniqueIdentifier>{dc5b70c5-2558-4bd7-bb37-ca1828e83953}</UniqueIdentifier>
    </Filter>
    <Filter Include="Header Files\LibRevive">
      <UniqueIdentifier>{b3eaa487-d485-4b2a-8a6a-e3a3f3481153}</UniqueIdentifier>
    </Filter>
    <Filter Include="Source Files\LibOVR">
      <UniqueIdentifier>{a809efad-2f20-49f9-b190-86668467211b}</UniqueIdentifier>
    </Filter>
    <Filter Include="Source Files\microprofile">
      <UniqueIdentifier>{75f22e69-5dfc-45d2-830f-4a73125cadaa}</UniqueIdentifier>
    </Filter>
    <Filter Include="Header Files\microprofile">
      <UniqueIdentifier>{1e9acdab-ebce-4152-81ab-53815bbac024}</UniqueIdentifier>
    </Filter>
  </ItemGroup>
  <ItemGroup>
    <ClInclude Include="InputManager.h">
      <Filter>Header Files\LibRevive</Filter>
    </ClInclude>
    <ClInclude Include="..\microprofile\microprofile.h">
      <Filter>Header Files\microprofile</Filter>
    </ClInclude>
    <ClInclude Include="..\microprofile\microprofiledraw.h">
      <Filter>Header Files\microprofile</Filter>
    </ClInclude>
    <ClInclude Include="..\microprofile\microprofilehtml.h">
      <Filter>Header Files\microprofile</Filter>
    </ClInclude>
    <ClInclude Include="..\microprofile\microprofileui.h">
      <Filter>Header Files\microprofile</Filter>
    </ClInclude>
    <ClInclude Include="HapticsBuffer.h">
      <Filter>Header Files\LibRevive</Filter>
    </ClInclude>
    <ClInclude Include="Session.h">
      <Filter>Header Files\LibRevive</Filter>
    </ClInclude>
    <ClInclude Include="vulkan.h">
      <Filter>Header Files</Filter>
    </ClInclude>
    <ClInclude Include="OVR_CAPI.h">
      <Filter>Header Files</Filter>
    </ClInclude>
    <ClInclude Include="SwapChain.h">
      <Filter>Header Files\LibRevive</Filter>
    </ClInclude>
    <ClInclude Include="Common.h">
      <Filter>Header Files\LibRevive</Filter>
    </ClInclude>
    <ClInclude Include="XR_Math.h">
      <Filter>Header Files</Filter>
    </ClInclude>
  </ItemGroup>
  <ItemGroup>
    <ClCompile Include="main.cpp">
      <Filter>Source Files</Filter>
    </ClCompile>
    <ClCompile Include="REV_CAPI.cpp">
      <Filter>Source Files\LibOVR</Filter>
    </ClCompile>
    <ClCompile Include="REV_CAPI_Audio.cpp">
      <Filter>Source Files\LibOVR</Filter>
    </ClCompile>
    <ClCompile Include="REV_CAPI_D3D.cpp">
      <Filter>Source Files\LibOVR</Filter>
    </ClCompile>
    <ClCompile Include="REV_CAPI_GL.cpp">
      <Filter>Source Files\LibOVR</Filter>
    </ClCompile>
    <ClCompile Include="InputManager.cpp">
      <Filter>Source Files\LibRevive</Filter>
    </ClCompile>
    <ClCompile Include="microprofile.cpp">
      <Filter>Source Files\microprofile</Filter>
    </ClCompile>
    <ClCompile Include="HapticsBuffer.cpp">
      <Filter>Source Files\LibRevive</Filter>
    </ClCompile>
    <ClCompile Include="REV_CAPI_Vk.cpp">
      <Filter>Source Files\LibOVR</Filter>
    </ClCompile>
    <ClCompile Include="..\Externals\glad\src\glad.c">
      <Filter>Source Files</Filter>
    </ClCompile>
    <ClCompile Include="Common.cpp">
      <Filter>Source Files\LibRevive</Filter>
    </ClCompile>
    <ClCompile Include="Swapchain.cpp">
      <Filter>Source Files\LibRevive</Filter>
    </ClCompile>
  </ItemGroup>
  <ItemGroup>
    <None Include="cpp.hint" />
  </ItemGroup>
  <ItemGroup>
    <ResourceCompile Include="Revive.rc">
      <Filter>Resource Files</Filter>
    </ResourceCompile>
  </ItemGroup>
</Project>