<?xml version="1.0" encoding="utf-8"?>
<Project ToolsVersion="4.0" xmlns="http://schemas.microsoft.com/developer/msbuild/2003">
  <ItemGroup>
    <Filter Include="Source Files">
      <UniqueIdentifier>{4FC737F1-C7A5-4376-A066-2A32D752A2FF}</UniqueIdentifier>
      <Extensions>cpp;c;cc;cxx;def;odl;idl;hpj;bat;asm;asmx</Extensions>
    </Filter>
    <Filter Include="Header Files">
      <UniqueIdentifier>{93995380-89BD-4b04-88EB-625FBE52EBFB}</UniqueIdentifier>
      <Extensions>h;hh;hpp;hxx;hm;inl;inc;xsd</Extensions>
    </Filter>
    <Filter Include="Resource Files">
      <UniqueIdentifier>{67DA6AB6-F800-4c08-8B7A-83BB121AAD01}</UniqueIdentifier>
      <Extensions>rc;ico;cur;bmp;dlg;rc2;rct;bin;rgs;gif;jpg;jpeg;jpe;resx;tiff;tif;png;wav;mfcribbon-ms</Extensions>
    </Filter>
    <Filter Include="Source Files\LibOVR">
      <UniqueIdentifier>{c4959d53-bbd2-49d8-b1b6-c44b2afa209b}</UniqueIdentifier>
    </Filter>
    <Filter Include="Header Files\LibRemixed">
      <UniqueIdentifier>{cf59bad6-96c9-4bf3-8fc5-b7b031c34018}</UniqueIdentifier>
    </Filter>
    <Filter Include="Source Files\LibRemixed">
      <UniqueIdentifier>{f1f0f03a-c0c4-41f7-90f2-c87ca29dd77c}</UniqueIdentifier>
    </Filter>
    <Filter Include="Source Files\microprofile">
      <UniqueIdentifier>{294bd8ab-fc4c-43b8-86f7-b946e6c28187}</UniqueIdentifier>
    </Filter>
    <Filter Include="Header Files\microprofile">
      <UniqueIdentifier>{f2dc7008-3c4e-4180-9d7f-ce9aa68014b9}</UniqueIdentifier>
    </Filter>
  </ItemGroup>
  <ItemGroup>
    <ClCompile Include="REV_CAPI_Vk.cpp">
      <Filter>Source Files\LibOVR</Filter>
    </ClCompile>
    <ClCompile Include="REV_CAPI_Audio.cpp">
      <Filter>Source Files\LibOVR</Filter>
    </ClCompile>
    <ClCompile Include="REV_CAPI_D3D.cpp">
      <Filter>Source Files\LibOVR</Filter>
    </ClCompile>
    <ClCompile Include="REV_CAPI_GL.cpp">
      <Filter>Source Files\LibOVR</Filter>
    </ClCompile>
    <ClCompile Include="REV_CAPI.cpp">
      <Filter>Source Files\LibOVR</Filter>
    </ClCompile>
    <ClCompile Include="CompositorBase.cpp">
      <Filter>Source Files\LibRemixed</Filter>
    </ClCompile>
    <ClCompile Include="CompositorD3D.cpp">
      <Filter>Source Files\LibRemixed</Filter>
    </ClCompile>
    <ClCompile Include="TextureBase.cpp">
      <Filter>Source Files\LibRemixed</Filter>
    </ClCompile>
    <ClCompile Include="TextureD3D.cpp">
      <Filter>Source Files\LibRemixed</Filter>
    </ClCompile>
    <ClCompile Include="main.cpp">
      <Filter>Source Files</Filter>
    </ClCompile>
    <ClCompile Include="microprofile.cpp">
      <Filter>Source Files\microprofile</Filter>
    </ClCompile>
    <ClCompile Include="FrameList.cpp">
      <Filter>Source Files\LibRemixed</Filter>
    </ClCompile>
    <ClCompile Include="Win32Window.cpp">
      <Filter>Source Files\LibRemixed</Filter>
    </ClCompile>
  </ItemGroup>
  <ItemGroup>
    <ClInclude Include="Session.h">
      <Filter>Header Files\LibRemixed</Filter>
    </ClInclude>
    <ClInclude Include="CompositorD3D.h">
      <Filter>Header Files\LibRemixed</Filter>
    </ClInclude>
    <ClInclude Include="CompositorBase.h">
      <Filter>Header Files\LibRemixed</Filter>
    </ClInclude>
    <ClInclude Include="TextureBase.h">
      <Filter>Header Files\LibRemixed</Filter>
    </ClInclude>
    <ClInclude Include="TextureD3D.h">
      <Filter>Header Files\LibRemixed</Filter>
    </ClInclude>
    <ClInclude Include="REM_Math.h">
      <Filter>Header Files</Filter>
    </ClInclude>
    <ClInclude Include="FrameList.h">
      <Filter>Header Files\LibRemixed</Filter>
    </ClInclude>
    <ClInclude Include="Win32Window.h">
      <Filter>Header Files\LibRemixed</Filter>
    </ClInclude>
  </ItemGroup>
</Project>