<?xml version="1.0" encoding="utf-8"?>
<Project ToolsVersion="4.0" xmlns="http://schemas.microsoft.com/developer/msbuild/2003">
  <ItemGroup>
    <Filter Include="Source Files">
      <UniqueIdentifier>{4FC737F1-C7A5-4376-A066-2A32D752A2FF}</UniqueIdentifier>
      <Extensions>cpp;c;cc;cxx;def;odl;idl;hpj;bat;asm;asmx</Extensions>
    </Filter>
    <Filter Include="Header Files">
      <UniqueIdentifier>{93995380-89BD-4b04-88EB-625FBE52EBFB}</UniqueIdentifier>
      <Extensions>h;hh;hpp;hxx;hm;inl;inc;xsd</Extensions>
    </Filter>
    <Filter Include="Resource Files">
      <UniqueIdentifier>{67DA6AB6-F800-4c08-8B7A-83BB121AAD01}</UniqueIdentifier>
      <Extensions>rc;ico;cur;bmp;dlg;rc2;rct;bin;rgs;gif;jpg;jpeg;jpe;resx;tiff;tif;png;wav;mfcribbon-ms</Extensions>
    </Filter>
    <Filter Include="Header Files\LibOVR">
      <UniqueIdentifier>{65f0981f-e8d3-4a7b-b3a3-e714fcf5a578}</UniqueIdentifier>
    </Filter>
    <Filter Include="Header Files\LibOVR\Extras">
      <UniqueIdentifier>{5d5ca7db-d5a5-48fa-913f-bca4b86d6d27}</UniqueIdentifier>
    </Filter>
  </ItemGroup>
  <ItemGroup>
    <ClInclude Include="..\LibOVR\Include\OVR_CAPI.h">
      <Filter>Header Files\LibOVR</Filter>
    </ClInclude>
    <ClInclude Include="..\LibOVR\Include\OVR_CAPI_Audio.h">
      <Filter>Header Files\LibOVR</Filter>
    </ClInclude>
    <ClInclude Include="..\LibOVR\Include\OVR_CAPI_D3D.h">
      <Filter>Header Files\LibOVR</Filter>
    </ClInclude>
    <ClInclude Include="..\LibOVR\Include\OVR_CAPI_GL.h">
      <Filter>Header Files\LibOVR</Filter>
    </ClInclude>
    <ClInclude Include="..\LibOVR\Include\OVR_CAPI_Keys.h">
      <Filter>Header Files\LibOVR</Filter>
    </ClInclude>
    <ClInclude Include="..\LibOVR\Include\OVR_ErrorCode.h">
      <Filter>Header Files\LibOVR</Filter>
    </ClInclude>
    <ClInclude Include="..\LibOVR\Include\OVR_Version.h">
      <Filter>Header Files\LibOVR</Filter>
    </ClInclude>
    <ClInclude Include="..\LibOVR\Include\Extras\OVR_CAPI_Util.h">
      <Filter>Header Files\LibOVR\Extras</Filter>
    </ClInclude>
    <ClInclude Include="REV_Assert.h">
      <Filter>Header Files</Filter>
    </ClInclude>
    <ClInclude Include="REV_Error.h">
      <Filter>Header Files</Filter>
    </ClInclude>
    <ClInclude Include="..\LibOVR\Include\Extras\OVR_Math.h">
      <Filter>Header Files\LibOVR\Extras</Filter>
    </ClInclude>
    <ClInclude Include="..\LibOVR\Include\Extras\OVR_StereoProjection.h">
      <Filter>Header Files\LibOVR\Extras</Filter>
    </ClInclude>
    <ClInclude Include="REV_Math.h">
      <Filter>Header Files</Filter>
    </ClInclude>
    <ClInclude Include="REV_Common.h">
      <Filter>Header Files</Filter>
    </ClInclude>
    <ClInclude Include="resource.h">
      <Filter>Header Files</Filter>
    </ClInclude>
    <ClInclude Include="..\openvr\headers\openvr.h">
      <Filter>Header Files</Filter>
    </ClInclude>
    <ClInclude Include="IAT_Hooking.h">
      <Filter>Header Files</Filter>
    </ClInclude>
  </ItemGroup>
  <ItemGroup>
    <ClCompile Include="REV_CAPI.cpp">
      <Filter>Source Files</Filter>
    </ClCompile>
    <ClCompile Include="REV_CAPI_Audio.cpp">
      <Filter>Source Files</Filter>
    </ClCompile>
    <ClCompile Include="REV_CAPI_D3D.cpp">
      <Filter>Source Files</Filter>
    </ClCompile>
    <ClCompile Include="REV_CAPI_GL.cpp">
      <Filter>Source Files</Filter>
    </ClCompile>
    <ClCompile Include="REV_CAPI_Util.cpp">
      <Filter>Source Files</Filter>
    </ClCompile>
    <ClCompile Include="main.cpp">
      <Filter>Source Files</Filter>
    </ClCompile>
    <ClCompile Include="REV_Common.cpp">
      <Filter>Source Files</Filter>
    </ClCompile>
    <ClCompile Include="REV_Math.cpp">
      <Filter>Source Files</Filter>
    </ClCompile>
    <ClCompile Include="IAT_Hooking.cpp">
      <Filter>Source Files</Filter>
    </ClCompile>
  </ItemGroup>
  <ItemGroup>
    <ResourceCompile Include="Revive.rc">
      <Filter>Resource Files</Filter>
    </ResourceCompile>
  </ItemGroup>
  <ItemGroup>
    <FxCompile Include="MirrorPS.hlsl">
      <Filter>Resource Files</Filter>
    </FxCompile>
    <FxCompile Include="MirrorVS.hlsl">
      <Filter>Resource Files</Filter>
    </FxCompile>
  </ItemGroup>
</Project>