<?xml version="1.0" encoding="utf-8"?>
<Project ToolsVersion="4.0" xmlns="http://schemas.microsoft.com/developer/msbuild/2003">
  <ItemGroup>
    <Filter Include="Source Files">
      <UniqueIdentifier>{4FC737F1-C7A5-4376-A066-2A32D752A2FF}</UniqueIdentifier>
      <Extensions>cpp;c;cc;cxx;def;odl;idl;hpj;bat;asm;asmx</Extensions>
    </Filter>
    <Filter Include="Header Files">
      <UniqueIdentifier>{93995380-89BD-4b04-88EB-625FBE52EBFB}</UniqueIdentifier>
      <Extensions>h;hh;hpp;hxx;hm;inl;inc;xsd</Extensions>
    </Filter>
    <Filter Include="Resource Files">
      <UniqueIdentifier>{67DA6AB6-F800-4c08-8B7A-83BB121AAD01}</UniqueIdentifier>
      <Extensions>rc;ico;cur;bmp;dlg;rc2;rct;bin;rgs;gif;jpg;jpeg;jpe;resx;tiff;tif;png;wav;mfcribbon-ms</Extensions>
    </Filter>
    <Filter Include="Header Files\Extras">
      <UniqueIdentifier>{75436d32-0511-4326-847e-2b59f880dd2b}</UniqueIdentifier>
    </Filter>
  </ItemGroup>
  <ItemGroup>
    <ClCompile Include="..\LibOVR\Src\OVR_CAPIShim.c">
      <Filter>Source Files</Filter>
    </ClCompile>
    <ClCompile Include="..\LibOVR\Src\OVR_StereoProjection.cpp">
      <Filter>Source Files</Filter>
    </ClCompile>
    <ClCompile Include="..\LibOVR\Src\OVR_CAPI_Util.cpp">
      <Filter>Source Files</Filter>
    </ClCompile>
    <ClCompile Include="main.cpp">
      <Filter>Source Files</Filter>
    </ClCompile>
    <ClCompile Include="OVR_CAPI.cpp">
      <Filter>Source Files</Filter>
    </ClCompile>
    <ClCompile Include="microprofile.cpp">
      <Filter>Source Files</Filter>
    </ClCompile>
  </ItemGroup>
  <ItemGroup>
    <ClInclude Include="..\LibOVR\Include\OVR_CAPI.h">
      <Filter>Header Files</Filter>
    </ClInclude>
    <ClInclude Include="..\LibOVR\Include\OVR_CAPI_Audio.h">
      <Filter>Header Files</Filter>
    </ClInclude>
    <ClInclude Include="..\LibOVR\Include\OVR_CAPI_D3D.h">
      <Filter>Header Files</Filter>
    </ClInclude>
    <ClInclude Include="..\LibOVR\Include\OVR_CAPI_GL.h">
      <Filter>Header Files</Filter>
    </ClInclude>
    <ClInclude Include="..\LibOVR\Include\OVR_CAPI_Keys.h">
      <Filter>Header Files</Filter>
    </ClInclude>
    <ClInclude Include="..\LibOVR\Include\OVR_CAPI_Vk.h">
      <Filter>Header Files</Filter>
    </ClInclude>
    <ClInclude Include="..\LibOVR\Include\OVR_ErrorCode.h">
      <Filter>Header Files</Filter>
    </ClInclude>
    <ClInclude Include="..\LibOVR\Include\OVR_Version.h">
      <Filter>Header Files</Filter>
    </ClInclude>
    <ClInclude Include="..\LibOVR\Include\Extras\OVR_CAPI_Util.h">
      <Filter>Header Files\Extras</Filter>
    </ClInclude>
    <ClInclude Include="..\LibOVR\Include\Extras\OVR_Math.h">
      <Filter>Header Files\Extras</Filter>
    </ClInclude>
    <ClInclude Include="..\LibOVR\Include\Extras\OVR_StereoProjection.h">
      <Filter>Header Files\Extras</Filter>
    </ClInclude>
    <ClInclude Include="..\LibOVR\Src\OVR_CAPI_Prototypes.h">
      <Filter>Header Files</Filter>
    </ClInclude>
  </ItemGroup>
</Project>